<?xml version="1.0" encoding="utf-8"?>
<Project ToolsVersion="4.0" xmlns="http://schemas.microsoft.com/developer/msbuild/2003">
  <ItemGroup>
    <Filter Include="소스 파일">
      <UniqueIdentifier>{4FC737F1-C7A5-4376-A066-2A32D752A2FF}</UniqueIdentifier>
      <Extensions>cpp;c;cc;cxx;c++;cppm;ixx;def;odl;idl;hpj;bat;asm;asmx</Extensions>
    </Filter>
    <Filter Include="헤더 파일">
      <UniqueIdentifier>{93995380-89BD-4b04-88EB-625FBE52EBFB}</UniqueIdentifier>
      <Extensions>h;hh;hpp;hxx;h++;hm;inl;inc;ipp;xsd</Extensions>
    </Filter>
    <Filter Include="리소스 파일">
      <UniqueIdentifier>{67DA6AB6-F800-4c08-8B7A-83BB121AAD01}</UniqueIdentifier>
      <Extensions>rc;ico;cur;bmp;dlg;rc2;rct;bin;rgs;gif;jpg;jpeg;jpe;resx;tiff;tif;png;wav;mfcribbon-ms</Extensions>
    </Filter>
    <Filter Include="glsl">
      <UniqueIdentifier>{ceebaf28-78e7-4cde-8097-3ccb6ed4fc26}</UniqueIdentifier>
    </Filter>
    <Filter Include="Camera">
      <UniqueIdentifier>{71808526-2de1-4d7f-a81d-37500f052c0d}</UniqueIdentifier>
    </Filter>
    <Filter Include="Shader">
      <UniqueIdentifier>{7c491804-54aa-45ae-b331-3834607562be}</UniqueIdentifier>
    </Filter>
    <Filter Include="Player">
      <UniqueIdentifier>{af6bdc1c-ade2-48f7-9699-f748030d61ed}</UniqueIdentifier>
    </Filter>
    <Filter Include="obj">
      <UniqueIdentifier>{0292a74e-4715-4a9c-8726-927469fc0dd1}</UniqueIdentifier>
    </Filter>
  </ItemGroup>
  <ItemGroup>
    <ClCompile Include="openGL_FrameWork.cpp">
      <Filter>소스 파일</Filter>
    </ClCompile>
    <ClCompile Include="pch.cpp">
      <Filter>소스 파일</Filter>
    </ClCompile>
    <ClCompile Include="RunTime_FrameWork.cpp">
      <Filter>소스 파일</Filter>
    </ClCompile>
    <ClCompile Include="Camera.cpp">
      <Filter>Camera</Filter>
    </ClCompile>
    <ClCompile Include="Player.cpp">
      <Filter>Player</Filter>
    </ClCompile>
    <ClCompile Include="BaseShader.cpp">
      <Filter>Shader</Filter>
    </ClCompile>
    <ClCompile Include="Shader2D.cpp">
      <Filter>Shader</Filter>
    </ClCompile>
    <ClCompile Include="Shader3D.cpp">
      <Filter>Shader</Filter>
    </ClCompile>
  </ItemGroup>
  <ItemGroup>
    <ClInclude Include="openGL_FrameWork.h">
      <Filter>소스 파일</Filter>
    </ClInclude>
    <ClInclude Include="RunTime_FrameWork.h">
      <Filter>소스 파일</Filter>
    </ClInclude>
    <ClInclude Include="Camera.h">
      <Filter>Camera</Filter>
    </ClInclude>
    <ClInclude Include="Player.h">
      <Filter>Player</Filter>
    </ClInclude>
    <ClInclude Include="pch.h">
      <Filter>헤더 파일</Filter>
    </ClInclude>
    <ClInclude Include="BaseShader.h">
      <Filter>Shader</Filter>
    </ClInclude>
    <ClInclude Include="Shader2D.h">
      <Filter>Shader</Filter>
    </ClInclude>
    <ClInclude Include="Shader3D.h">
      <Filter>Shader</Filter>
    </ClInclude>
  </ItemGroup>
  <ItemGroup>
    <Text Include="cone.txt">
      <Filter>obj</Filter>
    </Text>
    <Text Include="cube.txt">
      <Filter>obj</Filter>
    </Text>
    <Text Include="sphere.txt">
      <Filter>obj</Filter>
    </Text>
  </ItemGroup>
  <ItemGroup>
    <None Include="Vertex_Shader.glsl">
      <Filter>glsl</Filter>
    </None>
    <None Include="Fragment_Shader.glsl">
      <Filter>glsl</Filter>
    </None>
  </ItemGroup>
</Project>